
Microsoft Visual Studio Solution File, Format Version 12.00
# Visual Studio Version 16
VisualStudioVersion = 16.0.31105.61
MinimumVisualStudioVersion = 10.0.40219.1
Project("{FAE04EC0-301F-11D3-BF4B-00C04F79EFBC}") = "WeatherApp", "WeatherApp.csproj", "{B25ACAD0-330F-4376-9143-339E0CCF424F}"
EndProject
Global
	GlobalSection(SolutionConfigurationPlatforms) = preSolution
		Debug|Any CPU = Debug|Any CPU
		Release|Any CPU = Release|Any CPU
	EndGlobalSection
	GlobalSection(ProjectConfigurationPlatforms) = postSolution
		{B25ACAD0-330F-4376-9143-339E0CCF424F}.Debug|Any CPU.ActiveCfg = Debug|Any CPU
		{B25ACAD0-330F-4376-9143-339E0CCF424F}.Debug|Any CPU.Build.0 = Debug|Any CPU
		{B25ACAD0-330F-4376-9143-339E0CCF424F}.Release|Any CPU.ActiveCfg = Release|Any CPU
		{B25ACAD0-330F-4376-9143-339E0CCF424F}.Release|Any CPU.Build.0 = Release|Any CPU
	EndGlobalSection
	GlobalSection(SolutionProperties) = preSolution
		HideSolutionNode = FALSE
	EndGlobalSection
	GlobalSection(ExtensibilityGlobals) = postSolution
		SolutionGuid = {EB1892E8-B864-4F78-AC7A-44EBD17EE2CE}
	EndGlobalSection
EndGlobal
